
Microsoft Visual Studio Solution File, Format Version 12.00
# Visual Studio Version 17
VisualStudioVersion = 17.10.34916.146
MinimumVisualStudioVersion = 10.0.40219.1
Project("{9A19103F-16F7-4668-BE54-9A1E7A4F7556}") = "CustomerOrderAPI", "CustomerOrderAPI\CustomerOrderAPI.csproj", "{C4AB4EDD-5387-4A7C-AAD5-006B97EB49F3}"
EndProject
Project("{9A19103F-16F7-4668-BE54-9A1E7A4F7556}") = "CustomerOrderAPI.Domain", "CustomerOrderAPI.Domain\CustomerOrderAPI.Domain.csproj", "{AD369DE4-7DA0-4BE8-924F-8932A676498E}"
EndProject
Project("{9A19103F-16F7-4668-BE54-9A1E7A4F7556}") = "CustomerOrderAPI.Infrastructure", "CustomerOrderAPI.Infrastructure\CustomerOrderAPI.Infrastructure.csproj", "{A357A754-E5CA-46C4-BDA0-7B2ECF82347B}"
EndProject
Project("{9A19103F-16F7-4668-BE54-9A1E7A4F7556}") = "CustomerOrderAPI.Application", "CustomerOrderAPI.Application\CustomerOrderAPI.Application.csproj", "{66E07F1C-81F5-43F2-8706-78309366DA75}"
EndProject
Project("{FAE04EC0-301F-11D3-BF4B-00C04F79EFBC}") = "NUnitTest", "NUnitTest\NUnitTest.csproj", "{97D7EB69-45A5-43ED-A79A-9A00A775BA3D}"
EndProject
Global
	GlobalSection(SolutionConfigurationPlatforms) = preSolution
		Debug|Any CPU = Debug|Any CPU
		Release|Any CPU = Release|Any CPU
	EndGlobalSection
	GlobalSection(ProjectConfigurationPlatforms) = postSolution
		{C4AB4EDD-5387-4A7C-AAD5-006B97EB49F3}.Debug|Any CPU.ActiveCfg = Debug|Any CPU
		{C4AB4EDD-5387-4A7C-AAD5-006B97EB49F3}.Debug|Any CPU.Build.0 = Debug|Any CPU
		{C4AB4EDD-5387-4A7C-AAD5-006B97EB49F3}.Release|Any CPU.ActiveCfg = Release|Any CPU
		{C4AB4EDD-5387-4A7C-AAD5-006B97EB49F3}.Release|Any CPU.Build.0 = Release|Any CPU
		{AD369DE4-7DA0-4BE8-924F-8932A676498E}.Debug|Any CPU.ActiveCfg = Debug|Any CPU
		{AD369DE4-7DA0-4BE8-924F-8932A676498E}.Debug|Any CPU.Build.0 = Debug|Any CPU
		{AD369DE4-7DA0-4BE8-924F-8932A676498E}.Release|Any CPU.ActiveCfg = Release|Any CPU
		{AD369DE4-7DA0-4BE8-924F-8932A676498E}.Release|Any CPU.Build.0 = Release|Any CPU
		{A357A754-E5CA-46C4-BDA0-7B2ECF82347B}.Debug|Any CPU.ActiveCfg = Debug|Any CPU
		{A357A754-E5CA-46C4-BDA0-7B2ECF82347B}.Debug|Any CPU.Build.0 = Debug|Any CPU
		{A357A754-E5CA-46C4-BDA0-7B2ECF82347B}.Release|Any CPU.ActiveCfg = Release|Any CPU
		{A357A754-E5CA-46C4-BDA0-7B2ECF82347B}.Release|Any CPU.Build.0 = Release|Any CPU
		{66E07F1C-81F5-43F2-8706-78309366DA75}.Debug|Any CPU.ActiveCfg = Debug|Any CPU
		{66E07F1C-81F5-43F2-8706-78309366DA75}.Debug|Any CPU.Build.0 = Debug|Any CPU
		{66E07F1C-81F5-43F2-8706-78309366DA75}.Release|Any CPU.ActiveCfg = Release|Any CPU
		{66E07F1C-81F5-43F2-8706-78309366DA75}.Release|Any CPU.Build.0 = Release|Any CPU
		{97D7EB69-45A5-43ED-A79A-9A00A775BA3D}.Debug|Any CPU.ActiveCfg = Debug|Any CPU
		{97D7EB69-45A5-43ED-A79A-9A00A775BA3D}.Debug|Any CPU.Build.0 = Debug|Any CPU
		{97D7EB69-45A5-43ED-A79A-9A00A775BA3D}.Release|Any CPU.ActiveCfg = Release|Any CPU
		{97D7EB69-45A5-43ED-A79A-9A00A775BA3D}.Release|Any CPU.Build.0 = Release|Any CPU
	EndGlobalSection
	GlobalSection(SolutionProperties) = preSolution
		HideSolutionNode = FALSE
	EndGlobalSection
	GlobalSection(ExtensibilityGlobals) = postSolution
		SolutionGuid = {E27ACAFC-1B7C-45EB-9F0F-10A12D32AA86}
	EndGlobalSection
EndGlobal
